
Microsoft Visual Studio Solution File, Format Version 12.00
# Visual Studio 15
VisualStudioVersion = 15.0.28307.902
MinimumVisualStudioVersion = 10.0.40219.1
Project("{FAE04EC0-301F-11D3-BF4B-00C04F79EFBC}") = "e-health", "e-health.csproj", "{8709105D-8693-49CB-96FD-92B59BA1FD14}"
EndProject
Global
	GlobalSection(SolutionConfigurationPlatforms) = preSolution
		Debug|Any CPU = Debug|Any CPU
		Release|Any CPU = Release|Any CPU
	EndGlobalSection
	GlobalSection(ProjectConfigurationPlatforms) = postSolution
		{8709105D-8693-49CB-96FD-92B59BA1FD14}.Debug|Any CPU.ActiveCfg = Debug|Any CPU
		{8709105D-8693-49CB-96FD-92B59BA1FD14}.Debug|Any CPU.Build.0 = Debug|Any CPU
		{8709105D-8693-49CB-96FD-92B59BA1FD14}.Release|Any CPU.ActiveCfg = Release|Any CPU
		{8709105D-8693-49CB-96FD-92B59BA1FD14}.Release|Any CPU.Build.0 = Release|Any CPU
	EndGlobalSection
	GlobalSection(SolutionProperties) = preSolution
		HideSolutionNode = FALSE
	EndGlobalSection
	GlobalSection(ExtensibilityGlobals) = postSolution
		SolutionGuid = {7245BCC4-CCAC-4732-A11B-ED08BAECD09B}
	EndGlobalSection
EndGlobal
